
Microsoft Visual Studio Solution File, Format Version 12.00
# Visual Studio 15
VisualStudioVersion = 15.0.28307.168
MinimumVisualStudioVersion = 10.0.40219.1
Project("{FAE04EC0-301F-11D3-BF4B-00C04F79EFBC}") = "Restaurant_server_application", "Restaurant_server_application\Restaurant_server_application.csproj", "{BFBA4F73-AF09-4EFD-A84A-84DEBF928F61}"
EndProject
Global
	GlobalSection(SolutionConfigurationPlatforms) = preSolution
		Debug|Any CPU = Debug|Any CPU
		Release|Any CPU = Release|Any CPU
	EndGlobalSection
	GlobalSection(ProjectConfigurationPlatforms) = postSolution
		{BFBA4F73-AF09-4EFD-A84A-84DEBF928F61}.Debug|Any CPU.ActiveCfg = Debug|Any CPU
		{BFBA4F73-AF09-4EFD-A84A-84DEBF928F61}.Debug|Any CPU.Build.0 = Debug|Any CPU
		{BFBA4F73-AF09-4EFD-A84A-84DEBF928F61}.Release|Any CPU.ActiveCfg = Release|Any CPU
		{BFBA4F73-AF09-4EFD-A84A-84DEBF928F61}.Release|Any CPU.Build.0 = Release|Any CPU
	EndGlobalSection
	GlobalSection(SolutionProperties) = preSolution
		HideSolutionNode = FALSE
	EndGlobalSection
	GlobalSection(ExtensibilityGlobals) = postSolution
		SolutionGuid = {24E7E10D-13EB-497B-ACCF-F906E80A50EC}
	EndGlobalSection
EndGlobal
